
Microsoft Visual Studio Solution File, Format Version 12.00
# Visual Studio Version 17
VisualStudioVersion = 17.0.31903.59
MinimumVisualStudioVersion = 10.0.40219.1
Project("{2150E333-8FDC-42A3-9474-1A3956D46DE8}") = "src", "src", "{827E0CD3-B72D-47B6-A68D-7590B98EB39B}"
EndProject
Project("{FAE04EC0-301F-11D3-BF4B-00C04F79EFBC}") = "HyperV.VDIAutoScaling.Service", "src\HyperV.VDIAutoScaling.Service\HyperV.VDIAutoScaling.Service.csproj", "{A2F2CCBE-D6E0-41D8-957B-3FC63B66B196}"
EndProject
Project("{FAE04EC0-301F-11D3-BF4B-00C04F79EFBC}") = "HyperV.VDIAutoScaling.Core", "src\HyperV.VDIAutoScaling.Core\HyperV.VDIAutoScaling.Core.csproj", "{4F7719BA-4E92-2DF2-8523-C31A32A90919}"
EndProject
Project("{FAE04EC0-301F-11D3-BF4B-00C04F79EFBC}") = "HyperV.VDIAutoScaling.Adapters", "src\HyperV.VDIAutoScaling.Adapters\HyperV.VDIAutoScaling.Adapters.csproj", "{483B9B9E-29BD-9A49-F486-F4A04D5EEF5B}"
EndProject
Global
	GlobalSection(SolutionConfigurationPlatforms) = preSolution
		Debug|Any CPU = Debug|Any CPU
		Debug|x64 = Debug|x64
		Debug|x86 = Debug|x86
		Release|Any CPU = Release|Any CPU
		Release|x64 = Release|x64
		Release|x86 = Release|x86
	EndGlobalSection
	GlobalSection(ProjectConfigurationPlatforms) = postSolution
		{A2F2CCBE-D6E0-41D8-957B-3FC63B66B196}.Debug|Any CPU.ActiveCfg = Debug|Any CPU
		{A2F2CCBE-D6E0-41D8-957B-3FC63B66B196}.Debug|Any CPU.Build.0 = Debug|Any CPU
		{A2F2CCBE-D6E0-41D8-957B-3FC63B66B196}.Debug|x64.ActiveCfg = Debug|Any CPU
		{A2F2CCBE-D6E0-41D8-957B-3FC63B66B196}.Debug|x64.Build.0 = Debug|Any CPU
		{A2F2CCBE-D6E0-41D8-957B-3FC63B66B196}.Debug|x86.ActiveCfg = Debug|Any CPU
		{A2F2CCBE-D6E0-41D8-957B-3FC63B66B196}.Debug|x86.Build.0 = Debug|Any CPU
		{A2F2CCBE-D6E0-41D8-957B-3FC63B66B196}.Release|Any CPU.ActiveCfg = Release|Any CPU
		{A2F2CCBE-D6E0-41D8-957B-3FC63B66B196}.Release|Any CPU.Build.0 = Release|Any CPU
		{A2F2CCBE-D6E0-41D8-957B-3FC63B66B196}.Release|x64.ActiveCfg = Release|Any CPU
		{A2F2CCBE-D6E0-41D8-957B-3FC63B66B196}.Release|x64.Build.0 = Release|Any CPU
		{A2F2CCBE-D6E0-41D8-957B-3FC63B66B196}.Release|x86.ActiveCfg = Release|Any CPU
		{A2F2CCBE-D6E0-41D8-957B-3FC63B66B196}.Release|x86.Build.0 = Release|Any CPU
		{4F7719BA-4E92-2DF2-8523-C31A32A90919}.Debug|Any CPU.ActiveCfg = Debug|Any CPU
		{4F7719BA-4E92-2DF2-8523-C31A32A90919}.Debug|Any CPU.Build.0 = Debug|Any CPU
		{4F7719BA-4E92-2DF2-8523-C31A32A90919}.Debug|x64.ActiveCfg = Debug|Any CPU
		{4F7719BA-4E92-2DF2-8523-C31A32A90919}.Debug|x64.Build.0 = Debug|Any CPU
		{4F7719BA-4E92-2DF2-8523-C31A32A90919}.Debug|x86.ActiveCfg = Debug|Any CPU
		{4F7719BA-4E92-2DF2-8523-C31A32A90919}.Debug|x86.Build.0 = Debug|Any CPU
		{4F7719BA-4E92-2DF2-8523-C31A32A90919}.Release|Any CPU.ActiveCfg = Release|Any CPU
		{4F7719BA-4E92-2DF2-8523-C31A32A90919}.Release|Any CPU.Build.0 = Release|Any CPU
		{4F7719BA-4E92-2DF2-8523-C31A32A90919}.Release|x64.ActiveCfg = Release|Any CPU
		{4F7719BA-4E92-2DF2-8523-C31A32A90919}.Release|x64.Build.0 = Release|Any CPU
		{4F7719BA-4E92-2DF2-8523-C31A32A90919}.Release|x86.ActiveCfg = Release|Any CPU
		{4F7719BA-4E92-2DF2-8523-C31A32A90919}.Release|x86.Build.0 = Release|Any CPU
		{483B9B9E-29BD-9A49-F486-F4A04D5EEF5B}.Debug|Any CPU.ActiveCfg = Debug|Any CPU
		{483B9B9E-29BD-9A49-F486-F4A04D5EEF5B}.Debug|Any CPU.Build.0 = Debug|Any CPU
		{483B9B9E-29BD-9A49-F486-F4A04D5EEF5B}.Debug|x64.ActiveCfg = Debug|Any CPU
		{483B9B9E-29BD-9A49-F486-F4A04D5EEF5B}.Debug|x64.Build.0 = Debug|Any CPU
		{483B9B9E-29BD-9A49-F486-F4A04D5EEF5B}.Debug|x86.ActiveCfg = Debug|Any CPU
		{483B9B9E-29BD-9A49-F486-F4A04D5EEF5B}.Debug|x86.Build.0 = Debug|Any CPU
		{483B9B9E-29BD-9A49-F486-F4A04D5EEF5B}.Release|Any CPU.ActiveCfg = Release|Any CPU
		{483B9B9E-29BD-9A49-F486-F4A04D5EEF5B}.Release|Any CPU.Build.0 = Release|Any CPU
		{483B9B9E-29BD-9A49-F486-F4A04D5EEF5B}.Release|x64.ActiveCfg = Release|Any CPU
		{483B9B9E-29BD-9A49-F486-F4A04D5EEF5B}.Release|x64.Build.0 = Release|Any CPU
		{483B9B9E-29BD-9A49-F486-F4A04D5EEF5B}.Release|x86.ActiveCfg = Release|Any CPU
		{483B9B9E-29BD-9A49-F486-F4A04D5EEF5B}.Release|x86.Build.0 = Release|Any CPU
	EndGlobalSection
	GlobalSection(SolutionProperties) = preSolution
		HideSolutionNode = FALSE
	EndGlobalSection
	GlobalSection(NestedProjects) = preSolution
		{A2F2CCBE-D6E0-41D8-957B-3FC63B66B196} = {827E0CD3-B72D-47B6-A68D-7590B98EB39B}
		{4F7719BA-4E92-2DF2-8523-C31A32A90919} = {827E0CD3-B72D-47B6-A68D-7590B98EB39B}
		{483B9B9E-29BD-9A49-F486-F4A04D5EEF5B} = {827E0CD3-B72D-47B6-A68D-7590B98EB39B}
	EndGlobalSection
	GlobalSection(ExtensibilityGlobals) = postSolution
		SolutionGuid = {43EEC03A-3590-4383-881E-B61B814B1F1D}
	EndGlobalSection
EndGlobal
